
Microsoft Visual Studio Solution File, Format Version 12.00
# Visual Studio 15
VisualStudioVersion = 15.0.28307.1525
MinimumVisualStudioVersion = 10.0.40219.1
Project("{FAE04EC0-301F-11D3-BF4B-00C04F79EFBC}") = "LSE_BioBase4_CSharpSample", "LSE_BioBase4_CSharpSample.csproj", "{E47C065A-21BD-4B44-83B4-F1568EA20EBE}"
	ProjectSection(ProjectDependencies) = postProject
		{5096AA57-525A-459A-906F-0815E7641E18} = {5096AA57-525A-459A-906F-0815E7641E18}
	EndProjectSection
EndProject
Project("{FAE04EC0-301F-11D3-BF4B-00C04F79EFBC}") = "CmtFingerDotNET", "..\CmtFingerDotNET\CmtFingerDotNET.csproj", "{5096AA57-525A-459A-906F-0815E7641E18}"
EndProject
Project("{FAE04EC0-301F-11D3-BF4B-00C04F79EFBC}") = "BioBaseDotNet.LSE", "..\BioBaseDotNet.LSE\BioBaseDotNet.LSE.csproj", "{AB89C08D-22FD-4816-94AF-E4136CB05BA0}"
EndProject
Global
	GlobalSection(SolutionConfigurationPlatforms) = preSolution
		Debug|Any CPU = Debug|Any CPU
		Release|Any CPU = Release|Any CPU
	EndGlobalSection
	GlobalSection(ProjectConfigurationPlatforms) = postSolution
		{E47C065A-21BD-4B44-83B4-F1568EA20EBE}.Debug|Any CPU.ActiveCfg = Debug|Any CPU
		{E47C065A-21BD-4B44-83B4-F1568EA20EBE}.Debug|Any CPU.Build.0 = Debug|Any CPU
		{E47C065A-21BD-4B44-83B4-F1568EA20EBE}.Release|Any CPU.ActiveCfg = Release|Any CPU
		{E47C065A-21BD-4B44-83B4-F1568EA20EBE}.Release|Any CPU.Build.0 = Release|Any CPU
		{5096AA57-525A-459A-906F-0815E7641E18}.Debug|Any CPU.ActiveCfg = Debug|Any CPU
		{5096AA57-525A-459A-906F-0815E7641E18}.Debug|Any CPU.Build.0 = Debug|Any CPU
		{5096AA57-525A-459A-906F-0815E7641E18}.Release|Any CPU.ActiveCfg = Release|Any CPU
		{5096AA57-525A-459A-906F-0815E7641E18}.Release|Any CPU.Build.0 = Release|Any CPU
		{AB89C08D-22FD-4816-94AF-E4136CB05BA0}.Debug|Any CPU.ActiveCfg = Debug|Any CPU
		{AB89C08D-22FD-4816-94AF-E4136CB05BA0}.Debug|Any CPU.Build.0 = Debug|Any CPU
		{AB89C08D-22FD-4816-94AF-E4136CB05BA0}.Release|Any CPU.ActiveCfg = Release|Any CPU
		{AB89C08D-22FD-4816-94AF-E4136CB05BA0}.Release|Any CPU.Build.0 = Release|Any CPU
	EndGlobalSection
	GlobalSection(SolutionProperties) = preSolution
		HideSolutionNode = FALSE
	EndGlobalSection
	GlobalSection(ExtensibilityGlobals) = postSolution
		SolutionGuid = {B6FB958F-F1A9-464C-B8C2-47F810757DA2}
	EndGlobalSection
EndGlobal
